
Microsoft Visual Studio Solution File, Format Version 12.00
Project("{FAE04EC0-301F-11D3-BF4B-00C04F79EFBC}") = "NativeWebSocket", "NativeWebSocket\NativeWebSocket.csproj", "{34D05E7F-1641-4876-A287-D37BD061A3A0}"
EndProject
Project("{FAE04EC0-301F-11D3-BF4B-00C04F79EFBC}") = "NativeWebSocket.Test", "test\NativeWebSocket.Test\NativeWebSocket.Test.csproj", "{E9F0EC75-8E72-4ACE-BCAB-3E42BDA82C7C}"
EndProject
Global
	GlobalSection(SolutionConfigurationPlatforms) = preSolution
		Debug|Any CPU = Debug|Any CPU
		Release|Any CPU = Release|Any CPU
	EndGlobalSection
	GlobalSection(ProjectConfigurationPlatforms) = postSolution
		{34D05E7F-1641-4876-A287-D37BD061A3A0}.Debug|Any CPU.ActiveCfg = Debug|Any CPU
		{34D05E7F-1641-4876-A287-D37BD061A3A0}.Debug|Any CPU.Build.0 = Debug|Any CPU
		{34D05E7F-1641-4876-A287-D37BD061A3A0}.Release|Any CPU.ActiveCfg = Release|Any CPU
		{34D05E7F-1641-4876-A287-D37BD061A3A0}.Release|Any CPU.Build.0 = Release|Any CPU
		{E9F0EC75-8E72-4ACE-BCAB-3E42BDA82C7C}.Debug|Any CPU.ActiveCfg = Debug|Any CPU
		{E9F0EC75-8E72-4ACE-BCAB-3E42BDA82C7C}.Debug|Any CPU.Build.0 = Debug|Any CPU
		{E9F0EC75-8E72-4ACE-BCAB-3E42BDA82C7C}.Release|Any CPU.ActiveCfg = Release|Any CPU
		{E9F0EC75-8E72-4ACE-BCAB-3E42BDA82C7C}.Release|Any CPU.Build.0 = Release|Any CPU
	EndGlobalSection
EndGlobal
